// !$*UTF8*$!
{
	archiveVersion = 1;
	classes = {
	};
	objectVersion = 52;
	objects = {

/* Begin PBXBuildFile section */
		A411D67A22FB686500CCD600 /* test.jpeg in Resources */ = {isa = PBXBuildFile; fileRef = A411D67922FB686500CCD600 /* test.jpeg */; };
		A411D68022FB73E700CCD600 /* News.swift in Sources */ = {isa = PBXBuildFile; fileRef = A411D67E22FB73E700CCD600 /* News.swift */; };
		A411D68122FB73E700CCD600 /* ServerImage.swift in Sources */ = {isa = PBXBuildFile; fileRef = A411D67F22FB73E700CCD600 /* ServerImage.swift */; };
		A43F272B22FA2B9900F21B70 /* AccessTokenPage.swift in Sources */ = {isa = PBXBuildFile; fileRef = A43F272A22FA2B9900F21B70 /* AccessTokenPage.swift */; };
		A43F272C22FA2B9900F21B70 /* CredentialsPage.swift in Sources */ = {isa = PBXBuildFile; fileRef = A43F272922FA2B9900F21B70 /* CredentialsPage.swift */; };
		A43F273222FA2C5600F21B70 /* ChooseUserPage.swift in Sources */ = {isa = PBXBuildFile; fileRef = A43F273122FA2C5600F21B70 /* ChooseUserPage.swift */; };
		A43F273922FB64C500F21B70 /* RoundedButton.swift in Sources */ = {isa = PBXBuildFile; fileRef = A43F273022FA2C0400F21B70 /* RoundedButton.swift */; };
		A43F273D22FB655B00F21B70 /* NewsCellView.swift in Sources */ = {isa = PBXBuildFile; fileRef = A43F273C22FB655B00F21B70 /* NewsCellView.swift */; };
		A44221A922F39C300052F131 /* ParameterEncoding.swift in Sources */ = {isa = PBXBuildFile; fileRef = A442219322F39C300052F131 /* ParameterEncoding.swift */; };
		A44221AA22F39C300052F131 /* URLParameterEncoding.swift in Sources */ = {isa = PBXBuildFile; fileRef = A442219422F39C300052F131 /* URLParameterEncoding.swift */; };
		A44221AB22F39C300052F131 /* JSONParameterEncoder.swift in Sources */ = {isa = PBXBuildFile; fileRef = A442219522F39C300052F131 /* JSONParameterEncoder.swift */; };
		A44221AC22F39C300052F131 /* NetworkManager.swift in Sources */ = {isa = PBXBuildFile; fileRef = A442219722F39C300052F131 /* NetworkManager.swift */; };
		A44221AD22F39C300052F131 /* HTTPTask.swift in Sources */ = {isa = PBXBuildFile; fileRef = A442219922F39C300052F131 /* HTTPTask.swift */; };
		A44221AE22F39C300052F131 /* HTTPMethod.swift in Sources */ = {isa = PBXBuildFile; fileRef = A442219A22F39C300052F131 /* HTTPMethod.swift */; };
		A44221AF22F39C300052F131 /* Router.swift in Sources */ = {isa = PBXBuildFile; fileRef = A442219B22F39C300052F131 /* Router.swift */; };
		A44221B022F39C300052F131 /* NetworkLogger.swift in Sources */ = {isa = PBXBuildFile; fileRef = A442219C22F39C300052F131 /* NetworkLogger.swift */; };
		A44221B122F39C300052F131 /* EndPointType.swift in Sources */ = {isa = PBXBuildFile; fileRef = A442219D22F39C300052F131 /* EndPointType.swift */; };
		A44221B422F39CFE0052F131 /* Data.swift in Sources */ = {isa = PBXBuildFile; fileRef = A44221B322F39CFE0052F131 /* Data.swift */; };
		A460A26723017F5300980386 /* NewDetailsPage.swift in Sources */ = {isa = PBXBuildFile; fileRef = A460A26623017F5300980386 /* NewDetailsPage.swift */; };
		A46321422303578D0063B9F9 /* PetAdoptView.swift in Sources */ = {isa = PBXBuildFile; fileRef = A46321412303578D0063B9F9 /* PetAdoptView.swift */; };
		A463214423035B020063B9F9 /* LineInfoView.swift in Sources */ = {isa = PBXBuildFile; fileRef = A463214323035B020063B9F9 /* LineInfoView.swift */; };
		A4632146230365280063B9F9 /* AHTabbedView.swift in Sources */ = {isa = PBXBuildFile; fileRef = A4632145230365280063B9F9 /* AHTabbedView.swift */; };
		A47ACF0222FE332A0005D760 /* ProfileImageView.swift in Sources */ = {isa = PBXBuildFile; fileRef = A47ACF0122FE332A0005D760 /* ProfileImageView.swift */; };
		A47ACF0422FE34190005D760 /* InputTextField.swift in Sources */ = {isa = PBXBuildFile; fileRef = A47ACF0322FE34190005D760 /* InputTextField.swift */; };
		A47ACF0622FE36470005D760 /* PhoneNumberTextField.swift in Sources */ = {isa = PBXBuildFile; fileRef = A47ACF0522FE36470005D760 /* PhoneNumberTextField.swift */; };
		A47ACF0822FE3A850005D760 /* ProfilePage.swift in Sources */ = {isa = PBXBuildFile; fileRef = A47ACF0722FE3A850005D760 /* ProfilePage.swift */; };
		A47D6C1222FCFB5100C9FFA1 /* DoctorCellView.swift in Sources */ = {isa = PBXBuildFile; fileRef = A47D6C1122FCFB5100C9FFA1 /* DoctorCellView.swift */; };
		A4E0255D22FE3FE800B3F443 /* CustomDatePicker.swift in Sources */ = {isa = PBXBuildFile; fileRef = A4E0255C22FE3FE800B3F443 /* CustomDatePicker.swift */; };
		A4E4CDA022F23ACE00D1333E /* AppDelegate.swift in Sources */ = {isa = PBXBuildFile; fileRef = A4E4CD9F22F23ACE00D1333E /* AppDelegate.swift */; };
		A4E4CDA222F23ACE00D1333E /* SceneDelegate.swift in Sources */ = {isa = PBXBuildFile; fileRef = A4E4CDA122F23ACE00D1333E /* SceneDelegate.swift */; };
		A4E4CDA422F23ACE00D1333E /* LetsStartPage.swift in Sources */ = {isa = PBXBuildFile; fileRef = A4E4CDA322F23ACE00D1333E /* LetsStartPage.swift */; };
		A4E4CDA622F23AD100D1333E /* Assets.xcassets in Resources */ = {isa = PBXBuildFile; fileRef = A4E4CDA522F23AD100D1333E /* Assets.xcassets */; };
		A4E4CDA922F23AD100D1333E /* Preview Assets.xcassets in Resources */ = {isa = PBXBuildFile; fileRef = A4E4CDA822F23AD100D1333E /* Preview Assets.xcassets */; };
		A4E4CDAC22F23AD100D1333E /* LaunchScreen.storyboard in Resources */ = {isa = PBXBuildFile; fileRef = A4E4CDAA22F23AD100D1333E /* LaunchScreen.storyboard */; };
		A4E4CDB722F23AD100D1333E /* Animal_HouseTests.swift in Sources */ = {isa = PBXBuildFile; fileRef = A4E4CDB622F23AD100D1333E /* Animal_HouseTests.swift */; };
		A4F44F4B23046E1A00F345BB /* URLImage in Frameworks */ = {isa = PBXBuildFile; productRef = A4F44F4A23046E1A00F345BB /* URLImage */; };
		A4FAF46722FCFD4E009358AC /* ListPage.swift in Sources */ = {isa = PBXBuildFile; fileRef = A4FAF46622FCFD4E009358AC /* ListPage.swift */; };
/* End PBXBuildFile section */

/* Begin PBXContainerItemProxy section */
		A4E4CDB322F23AD100D1333E /* PBXContainerItemProxy */ = {
			isa = PBXContainerItemProxy;
			containerPortal = A4E4CD9422F23ACE00D1333E /* Project object */;
			proxyType = 1;
			remoteGlobalIDString = A4E4CD9B22F23ACE00D1333E;
			remoteInfo = "Animal House";
		};
/* End PBXContainerItemProxy section */

/* Begin PBXFileReference section */
		A411D67922FB686500CCD600 /* test.jpeg */ = {isa = PBXFileReference; lastKnownFileType = image.jpeg; path = test.jpeg; sourceTree = "<group>"; };
		A411D67E22FB73E700CCD600 /* News.swift */ = {isa = PBXFileReference; fileEncoding = 4; lastKnownFileType = sourcecode.swift; path = News.swift; sourceTree = "<group>"; };
		A411D67F22FB73E700CCD600 /* ServerImage.swift */ = {isa = PBXFileReference; fileEncoding = 4; lastKnownFileType = sourcecode.swift; path = ServerImage.swift; sourceTree = "<group>"; };
		A43F272922FA2B9900F21B70 /* CredentialsPage.swift */ = {isa = PBXFileReference; lastKnownFileType = sourcecode.swift; path = CredentialsPage.swift; sourceTree = "<group>"; };
		A43F272A22FA2B9900F21B70 /* AccessTokenPage.swift */ = {isa = PBXFileReference; lastKnownFileType = sourcecode.swift; path = AccessTokenPage.swift; sourceTree = "<group>"; };
		A43F273022FA2C0400F21B70 /* RoundedButton.swift */ = {isa = PBXFileReference; lastKnownFileType = sourcecode.swift; path = RoundedButton.swift; sourceTree = "<group>"; };
		A43F273122FA2C5600F21B70 /* ChooseUserPage.swift */ = {isa = PBXFileReference; lastKnownFileType = sourcecode.swift; path = ChooseUserPage.swift; sourceTree = "<group>"; };
		A43F273C22FB655B00F21B70 /* NewsCellView.swift */ = {isa = PBXFileReference; lastKnownFileType = sourcecode.swift; path = NewsCellView.swift; sourceTree = "<group>"; };
		A442219322F39C300052F131 /* ParameterEncoding.swift */ = {isa = PBXFileReference; fileEncoding = 4; lastKnownFileType = sourcecode.swift; path = ParameterEncoding.swift; sourceTree = "<group>"; };
		A442219422F39C300052F131 /* URLParameterEncoding.swift */ = {isa = PBXFileReference; fileEncoding = 4; lastKnownFileType = sourcecode.swift; path = URLParameterEncoding.swift; sourceTree = "<group>"; };
		A442219522F39C300052F131 /* JSONParameterEncoder.swift */ = {isa = PBXFileReference; fileEncoding = 4; lastKnownFileType = sourcecode.swift; path = JSONParameterEncoder.swift; sourceTree = "<group>"; };
		A442219722F39C300052F131 /* NetworkManager.swift */ = {isa = PBXFileReference; fileEncoding = 4; lastKnownFileType = sourcecode.swift; path = NetworkManager.swift; sourceTree = "<group>"; };
		A442219922F39C300052F131 /* HTTPTask.swift */ = {isa = PBXFileReference; fileEncoding = 4; lastKnownFileType = sourcecode.swift; path = HTTPTask.swift; sourceTree = "<group>"; };
		A442219A22F39C300052F131 /* HTTPMethod.swift */ = {isa = PBXFileReference; fileEncoding = 4; lastKnownFileType = sourcecode.swift; path = HTTPMethod.swift; sourceTree = "<group>"; };
		A442219B22F39C300052F131 /* Router.swift */ = {isa = PBXFileReference; fileEncoding = 4; lastKnownFileType = sourcecode.swift; path = Router.swift; sourceTree = "<group>"; };
		A442219C22F39C300052F131 /* NetworkLogger.swift */ = {isa = PBXFileReference; fileEncoding = 4; lastKnownFileType = sourcecode.swift; path = NetworkLogger.swift; sourceTree = "<group>"; };
		A442219D22F39C300052F131 /* EndPointType.swift */ = {isa = PBXFileReference; fileEncoding = 4; lastKnownFileType = sourcecode.swift; path = EndPointType.swift; sourceTree = "<group>"; };
		A44221B322F39CFE0052F131 /* Data.swift */ = {isa = PBXFileReference; lastKnownFileType = sourcecode.swift; path = Data.swift; sourceTree = "<group>"; };
		A460A26623017F5300980386 /* NewDetailsPage.swift */ = {isa = PBXFileReference; lastKnownFileType = sourcecode.swift; path = NewDetailsPage.swift; sourceTree = "<group>"; };
		A46321412303578D0063B9F9 /* PetAdoptView.swift */ = {isa = PBXFileReference; lastKnownFileType = sourcecode.swift; path = PetAdoptView.swift; sourceTree = "<group>"; };
		A463214323035B020063B9F9 /* LineInfoView.swift */ = {isa = PBXFileReference; lastKnownFileType = sourcecode.swift; path = LineInfoView.swift; sourceTree = "<group>"; };
		A4632145230365280063B9F9 /* AHTabbedView.swift */ = {isa = PBXFileReference; lastKnownFileType = sourcecode.swift; path = AHTabbedView.swift; sourceTree = "<group>"; };
		A4632147230366BF0063B9F9 /* Animal House.entitlements */ = {isa = PBXFileReference; lastKnownFileType = text.plist.entitlements; path = "Animal House.entitlements"; sourceTree = "<group>"; };
		A47ACF0122FE332A0005D760 /* ProfileImageView.swift */ = {isa = PBXFileReference; lastKnownFileType = sourcecode.swift; path = ProfileImageView.swift; sourceTree = "<group>"; };
		A47ACF0322FE34190005D760 /* InputTextField.swift */ = {isa = PBXFileReference; lastKnownFileType = sourcecode.swift; path = InputTextField.swift; sourceTree = "<group>"; };
		A47ACF0522FE36470005D760 /* PhoneNumberTextField.swift */ = {isa = PBXFileReference; lastKnownFileType = sourcecode.swift; path = PhoneNumberTextField.swift; sourceTree = "<group>"; };
		A47ACF0722FE3A850005D760 /* ProfilePage.swift */ = {isa = PBXFileReference; lastKnownFileType = sourcecode.swift; path = ProfilePage.swift; sourceTree = "<group>"; };
		A47D6C1122FCFB5100C9FFA1 /* DoctorCellView.swift */ = {isa = PBXFileReference; lastKnownFileType = sourcecode.swift; path = DoctorCellView.swift; sourceTree = "<group>"; };
		A4E0255C22FE3FE800B3F443 /* CustomDatePicker.swift */ = {isa = PBXFileReference; lastKnownFileType = sourcecode.swift; path = CustomDatePicker.swift; sourceTree = "<group>"; };
		A4E4CD9C22F23ACE00D1333E /* Animal House.app */ = {isa = PBXFileReference; explicitFileType = wrapper.application; includeInIndex = 0; path = "Animal House.app"; sourceTree = BUILT_PRODUCTS_DIR; };
		A4E4CD9F22F23ACE00D1333E /* AppDelegate.swift */ = {isa = PBXFileReference; lastKnownFileType = sourcecode.swift; path = AppDelegate.swift; sourceTree = "<group>"; };
		A4E4CDA122F23ACE00D1333E /* SceneDelegate.swift */ = {isa = PBXFileReference; lastKnownFileType = sourcecode.swift; path = SceneDelegate.swift; sourceTree = "<group>"; };
		A4E4CDA322F23ACE00D1333E /* LetsStartPage.swift */ = {isa = PBXFileReference; lastKnownFileType = sourcecode.swift; path = LetsStartPage.swift; sourceTree = "<group>"; };
		A4E4CDA522F23AD100D1333E /* Assets.xcassets */ = {isa = PBXFileReference; lastKnownFileType = folder.assetcatalog; path = Assets.xcassets; sourceTree = "<group>"; };
		A4E4CDA822F23AD100D1333E /* Preview Assets.xcassets */ = {isa = PBXFileReference; lastKnownFileType = folder.assetcatalog; path = "Preview Assets.xcassets"; sourceTree = "<group>"; };
		A4E4CDAB22F23AD100D1333E /* Base */ = {isa = PBXFileReference; lastKnownFileType = file.storyboard; name = Base; path = Base.lproj/LaunchScreen.storyboard; sourceTree = "<group>"; };
		A4E4CDAD22F23AD100D1333E /* Info.plist */ = {isa = PBXFileReference; lastKnownFileType = text.plist.xml; path = Info.plist; sourceTree = "<group>"; };
		A4E4CDB222F23AD100D1333E /* Animal HouseTests.xctest */ = {isa = PBXFileReference; explicitFileType = wrapper.cfbundle; includeInIndex = 0; path = "Animal HouseTests.xctest"; sourceTree = BUILT_PRODUCTS_DIR; };
		A4E4CDB622F23AD100D1333E /* Animal_HouseTests.swift */ = {isa = PBXFileReference; lastKnownFileType = sourcecode.swift; path = Animal_HouseTests.swift; sourceTree = "<group>"; };
		A4E4CDB822F23AD100D1333E /* Info.plist */ = {isa = PBXFileReference; lastKnownFileType = text.plist.xml; path = Info.plist; sourceTree = "<group>"; };
		A4FAF46622FCFD4E009358AC /* ListPage.swift */ = {isa = PBXFileReference; lastKnownFileType = sourcecode.swift; path = ListPage.swift; sourceTree = "<group>"; };
/* End PBXFileReference section */

/* Begin PBXFrameworksBuildPhase section */
		A4E4CD9922F23ACE00D1333E /* Frameworks */ = {
			isa = PBXFrameworksBuildPhase;
			buildActionMask = 2147483647;
			files = (
				A4F44F4B23046E1A00F345BB /* URLImage in Frameworks */,
			);
			runOnlyForDeploymentPostprocessing = 0;
		};
		A4E4CDAF22F23AD100D1333E /* Frameworks */ = {
			isa = PBXFrameworksBuildPhase;
			buildActionMask = 2147483647;
			files = (
			);
			runOnlyForDeploymentPostprocessing = 0;
		};
/* End PBXFrameworksBuildPhase section */

/* Begin PBXGroup section */
		A411D68222FB73EA00CCD600 /* Models */ = {
			isa = PBXGroup;
			children = (
				A411D67E22FB73E700CCD600 /* News.swift */,
				A411D67F22FB73E700CCD600 /* ServerImage.swift */,
			);
			path = Models;
			sourceTree = "<group>";
		};
		A43F272D22FA2BEB00F21B70 /* Pages */ = {
			isa = PBXGroup;
			children = (
				A4FAF46622FCFD4E009358AC /* ListPage.swift */,
				A47ACF0722FE3A850005D760 /* ProfilePage.swift */,
				A460A26623017F5300980386 /* NewDetailsPage.swift */,
				A43F272E22FA2BF700F21B70 /* SignUp */,
			);
			path = Pages;
			sourceTree = "<group>";
		};
		A43F272E22FA2BF700F21B70 /* SignUp */ = {
			isa = PBXGroup;
			children = (
				A4E4CDA322F23ACE00D1333E /* LetsStartPage.swift */,
				A43F272A22FA2B9900F21B70 /* AccessTokenPage.swift */,
				A43F272922FA2B9900F21B70 /* CredentialsPage.swift */,
				A43F273122FA2C5600F21B70 /* ChooseUserPage.swift */,
			);
			path = SignUp;
			sourceTree = "<group>";
		};
		A43F272F22FA2C0400F21B70 /* UIComponents */ = {
			isa = PBXGroup;
			children = (
				A43F273022FA2C0400F21B70 /* RoundedButton.swift */,
				A43F273C22FB655B00F21B70 /* NewsCellView.swift */,
				A47D6C1122FCFB5100C9FFA1 /* DoctorCellView.swift */,
				A47ACF0122FE332A0005D760 /* ProfileImageView.swift */,
				A47ACF0322FE34190005D760 /* InputTextField.swift */,
				A47ACF0522FE36470005D760 /* PhoneNumberTextField.swift */,
				A4E0255C22FE3FE800B3F443 /* CustomDatePicker.swift */,
				A46321412303578D0063B9F9 /* PetAdoptView.swift */,
				A463214323035B020063B9F9 /* LineInfoView.swift */,
				A4632145230365280063B9F9 /* AHTabbedView.swift */,
			);
			path = UIComponents;
			sourceTree = "<group>";
		};
		A442218522F39C300052F131 /* Networking */ = {
			isa = PBXGroup;
			children = (
				A442218622F39C300052F131 /* Endpoints */,
				A442219222F39C300052F131 /* Encoding */,
				A442219622F39C300052F131 /* Manager */,
				A442219822F39C300052F131 /* Service */,
			);
			path = Networking;
			sourceTree = "<group>";
		};
		A442218622F39C300052F131 /* Endpoints */ = {
			isa = PBXGroup;
			children = (
			);
			path = Endpoints;
			sourceTree = "<group>";
		};
		A442219222F39C300052F131 /* Encoding */ = {
			isa = PBXGroup;
			children = (
				A442219322F39C300052F131 /* ParameterEncoding.swift */,
				A442219422F39C300052F131 /* URLParameterEncoding.swift */,
				A442219522F39C300052F131 /* JSONParameterEncoder.swift */,
			);
			path = Encoding;
			sourceTree = "<group>";
		};
		A442219622F39C300052F131 /* Manager */ = {
			isa = PBXGroup;
			children = (
				A442219722F39C300052F131 /* NetworkManager.swift */,
			);
			path = Manager;
			sourceTree = "<group>";
		};
		A442219822F39C300052F131 /* Service */ = {
			isa = PBXGroup;
			children = (
				A442219922F39C300052F131 /* HTTPTask.swift */,
				A442219A22F39C300052F131 /* HTTPMethod.swift */,
				A442219B22F39C300052F131 /* Router.swift */,
				A442219C22F39C300052F131 /* NetworkLogger.swift */,
				A442219D22F39C300052F131 /* EndPointType.swift */,
			);
			path = Service;
			sourceTree = "<group>";
		};
		A44221B222F39CDD0052F131 /* Extensions */ = {
			isa = PBXGroup;
			children = (
				A44221B322F39CFE0052F131 /* Data.swift */,
			);
			path = Extensions;
			sourceTree = "<group>";
		};
		A4E4CD9322F23ACE00D1333E = {
			isa = PBXGroup;
			children = (
				A4E4CD9E22F23ACE00D1333E /* Animal House */,
				A4E4CDB522F23AD100D1333E /* Animal HouseTests */,
				A4E4CD9D22F23ACE00D1333E /* Products */,
			);
			sourceTree = "<group>";
		};
		A4E4CD9D22F23ACE00D1333E /* Products */ = {
			isa = PBXGroup;
			children = (
				A4E4CD9C22F23ACE00D1333E /* Animal House.app */,
				A4E4CDB222F23AD100D1333E /* Animal HouseTests.xctest */,
			);
			name = Products;
			sourceTree = "<group>";
		};
		A4E4CD9E22F23ACE00D1333E /* Animal House */ = {
			isa = PBXGroup;
			children = (
				A4632147230366BF0063B9F9 /* Animal House.entitlements */,
				A4E4CD9F22F23ACE00D1333E /* AppDelegate.swift */,
				A4E4CDA122F23ACE00D1333E /* SceneDelegate.swift */,
				A411D68222FB73EA00CCD600 /* Models */,
				A411D67922FB686500CCD600 /* test.jpeg */,
				A43F272D22FA2BEB00F21B70 /* Pages */,
				A44221B222F39CDD0052F131 /* Extensions */,
				A442218522F39C300052F131 /* Networking */,
				A43F272F22FA2C0400F21B70 /* UIComponents */,
				A4E4CDA522F23AD100D1333E /* Assets.xcassets */,
				A4E4CDAA22F23AD100D1333E /* LaunchScreen.storyboard */,
				A4E4CDAD22F23AD100D1333E /* Info.plist */,
				A4E4CDA722F23AD100D1333E /* Preview Content */,
			);
			path = "Animal House";
			sourceTree = "<group>";
		};
		A4E4CDA722F23AD100D1333E /* Preview Content */ = {
			isa = PBXGroup;
			children = (
				A4E4CDA822F23AD100D1333E /* Preview Assets.xcassets */,
			);
			path = "Preview Content";
			sourceTree = "<group>";
		};
		A4E4CDB522F23AD100D1333E /* Animal HouseTests */ = {
			isa = PBXGroup;
			children = (
				A4E4CDB622F23AD100D1333E /* Animal_HouseTests.swift */,
				A4E4CDB822F23AD100D1333E /* Info.plist */,
			);
			path = "Animal HouseTests";
			sourceTree = "<group>";
		};
/* End PBXGroup section */

/* Begin PBXNativeTarget section */
		A4E4CD9B22F23ACE00D1333E /* Animal House */ = {
			isa = PBXNativeTarget;
			buildConfigurationList = A4E4CDBB22F23AD100D1333E /* Build configuration list for PBXNativeTarget "Animal House" */;
			buildPhases = (
				A4E4CD9822F23ACE00D1333E /* Sources */,
				A4E4CD9922F23ACE00D1333E /* Frameworks */,
				A4E4CD9A22F23ACE00D1333E /* Resources */,
			);
			buildRules = (
			);
			dependencies = (
			);
			name = "Animal House";
			packageProductDependencies = (
				A4F44F4A23046E1A00F345BB /* URLImage */,
			);
			productName = "Animal House";
			productReference = A4E4CD9C22F23ACE00D1333E /* Animal House.app */;
			productType = "com.apple.product-type.application";
		};
		A4E4CDB122F23AD100D1333E /* Animal HouseTests */ = {
			isa = PBXNativeTarget;
			buildConfigurationList = A4E4CDBE22F23AD100D1333E /* Build configuration list for PBXNativeTarget "Animal HouseTests" */;
			buildPhases = (
				A4E4CDAE22F23AD100D1333E /* Sources */,
				A4E4CDAF22F23AD100D1333E /* Frameworks */,
				A4E4CDB022F23AD100D1333E /* Resources */,
			);
			buildRules = (
			);
			dependencies = (
				A4E4CDB422F23AD100D1333E /* PBXTargetDependency */,
			);
			name = "Animal HouseTests";
			productName = "Animal HouseTests";
			productReference = A4E4CDB222F23AD100D1333E /* Animal HouseTests.xctest */;
			productType = "com.apple.product-type.bundle.unit-test";
		};
/* End PBXNativeTarget section */

/* Begin PBXProject section */
		A4E4CD9422F23ACE00D1333E /* Project object */ = {
			isa = PBXProject;
			attributes = {
				KnownAssetTags = (
					New,
				);
				LastSwiftUpdateCheck = 1100;
				LastUpgradeCheck = 1100;
				ORGANIZATIONNAME = "Roy Geagea";
				TargetAttributes = {
					A4E4CD9B22F23ACE00D1333E = {
						CreatedOnToolsVersion = 11.0;
					};
					A4E4CDB122F23AD100D1333E = {
						CreatedOnToolsVersion = 11.0;
						TestTargetID = A4E4CD9B22F23ACE00D1333E;
					};
				};
			};
			buildConfigurationList = A4E4CD9722F23ACE00D1333E /* Build configuration list for PBXProject "Animal House" */;
			compatibilityVersion = "Xcode 9.3";
			developmentRegion = en;
			hasScannedForEncodings = 0;
			knownRegions = (
				en,
				Base,
			);
			mainGroup = A4E4CD9322F23ACE00D1333E;
			packageReferences = (
				A4F44F4923046E1A00F345BB /* XCRemoteSwiftPackageReference "url-image" */,
			);
			productRefGroup = A4E4CD9D22F23ACE00D1333E /* Products */;
			projectDirPath = "";
			projectRoot = "";
			targets = (
				A4E4CD9B22F23ACE00D1333E /* Animal House */,
				A4E4CDB122F23AD100D1333E /* Animal HouseTests */,
			);
		};
/* End PBXProject section */

/* Begin PBXResourcesBuildPhase section */
		A4E4CD9A22F23ACE00D1333E /* Resources */ = {
			isa = PBXResourcesBuildPhase;
			buildActionMask = 2147483647;
			files = (
				A4E4CDAC22F23AD100D1333E /* LaunchScreen.storyboard in Resources */,
				A411D67A22FB686500CCD600 /* test.jpeg in Resources */,
				A4E4CDA922F23AD100D1333E /* Preview Assets.xcassets in Resources */,
				A4E4CDA622F23AD100D1333E /* Assets.xcassets in Resources */,
			);
			runOnlyForDeploymentPostprocessing = 0;
		};
		A4E4CDB022F23AD100D1333E /* Resources */ = {
			isa = PBXResourcesBuildPhase;
			buildActionMask = 2147483647;
			files = (
			);
			runOnlyForDeploymentPostprocessing = 0;
		};
/* End PBXResourcesBuildPhase section */

/* Begin PBXSourcesBuildPhase section */
		A4E4CD9822F23ACE00D1333E /* Sources */ = {
			isa = PBXSourcesBuildPhase;
			buildActionMask = 2147483647;
			files = (
				A44221AB22F39C300052F131 /* JSONParameterEncoder.swift in Sources */,
				A43F272C22FA2B9900F21B70 /* CredentialsPage.swift in Sources */,
				A47ACF0822FE3A850005D760 /* ProfilePage.swift in Sources */,
				A44221A922F39C300052F131 /* ParameterEncoding.swift in Sources */,
				A44221B122F39C300052F131 /* EndPointType.swift in Sources */,
				A4FAF46722FCFD4E009358AC /* ListPage.swift in Sources */,
				A47D6C1222FCFB5100C9FFA1 /* DoctorCellView.swift in Sources */,
				A4E4CDA022F23ACE00D1333E /* AppDelegate.swift in Sources */,
				A44221AC22F39C300052F131 /* NetworkManager.swift in Sources */,
				A47ACF0622FE36470005D760 /* PhoneNumberTextField.swift in Sources */,
				A46321422303578D0063B9F9 /* PetAdoptView.swift in Sources */,
				A4E4CDA222F23ACE00D1333E /* SceneDelegate.swift in Sources */,
				A460A26723017F5300980386 /* NewDetailsPage.swift in Sources */,
				A411D68122FB73E700CCD600 /* ServerImage.swift in Sources */,
				A44221AA22F39C300052F131 /* URLParameterEncoding.swift in Sources */,
				A43F273D22FB655B00F21B70 /* NewsCellView.swift in Sources */,
				A44221AF22F39C300052F131 /* Router.swift in Sources */,
				A44221AD22F39C300052F131 /* HTTPTask.swift in Sources */,
				A44221B022F39C300052F131 /* NetworkLogger.swift in Sources */,
				A44221AE22F39C300052F131 /* HTTPMethod.swift in Sources */,
				A47ACF0422FE34190005D760 /* InputTextField.swift in Sources */,
				A47ACF0222FE332A0005D760 /* ProfileImageView.swift in Sources */,
				A463214423035B020063B9F9 /* LineInfoView.swift in Sources */,
				A43F273222FA2C5600F21B70 /* ChooseUserPage.swift in Sources */,
				A4632146230365280063B9F9 /* AHTabbedView.swift in Sources */,
				A43F273922FB64C500F21B70 /* RoundedButton.swift in Sources */,
				A4E4CDA422F23ACE00D1333E /* LetsStartPage.swift in Sources */,
				A43F272B22FA2B9900F21B70 /* AccessTokenPage.swift in Sources */,
				A411D68022FB73E700CCD600 /* News.swift in Sources */,
				A44221B422F39CFE0052F131 /* Data.swift in Sources */,
				A4E0255D22FE3FE800B3F443 /* CustomDatePicker.swift in Sources */,
			);
			runOnlyForDeploymentPostprocessing = 0;
		};
		A4E4CDAE22F23AD100D1333E /* Sources */ = {
			isa = PBXSourcesBuildPhase;
			buildActionMask = 2147483647;
			files = (
				A4E4CDB722F23AD100D1333E /* Animal_HouseTests.swift in Sources */,
			);
			runOnlyForDeploymentPostprocessing = 0;
		};
/* End PBXSourcesBuildPhase section */

/* Begin PBXTargetDependency section */
		A4E4CDB422F23AD100D1333E /* PBXTargetDependency */ = {
			isa = PBXTargetDependency;
			target = A4E4CD9B22F23ACE00D1333E /* Animal House */;
			targetProxy = A4E4CDB322F23AD100D1333E /* PBXContainerItemProxy */;
		};
/* End PBXTargetDependency section */

/* Begin PBXVariantGroup section */
		A4E4CDAA22F23AD100D1333E /* LaunchScreen.storyboard */ = {
			isa = PBXVariantGroup;
			children = (
				A4E4CDAB22F23AD100D1333E /* Base */,
			);
			name = LaunchScreen.storyboard;
			sourceTree = "<group>";
		};
/* End PBXVariantGroup section */

/* Begin XCBuildConfiguration section */
		A4E4CDB922F23AD100D1333E /* Debug */ = {
			isa = XCBuildConfiguration;
			buildSettings = {
				ALWAYS_SEARCH_USER_PATHS = NO;
				CLANG_ANALYZER_NONNULL = YES;
				CLANG_ANALYZER_NUMBER_OBJECT_CONVERSION = YES_AGGRESSIVE;
				CLANG_CXX_LANGUAGE_STANDARD = "gnu++14";
				CLANG_CXX_LIBRARY = "libc++";
				CLANG_ENABLE_MODULES = YES;
				CLANG_ENABLE_OBJC_ARC = YES;
				CLANG_ENABLE_OBJC_WEAK = YES;
				CLANG_WARN_BLOCK_CAPTURE_AUTORELEASING = YES;
				CLANG_WARN_BOOL_CONVERSION = YES;
				CLANG_WARN_COMMA = YES;
				CLANG_WARN_CONSTANT_CONVERSION = YES;
				CLANG_WARN_DEPRECATED_OBJC_IMPLEMENTATIONS = YES;
				CLANG_WARN_DIRECT_OBJC_ISA_USAGE = YES_ERROR;
				CLANG_WARN_DOCUMENTATION_COMMENTS = YES;
				CLANG_WARN_EMPTY_BODY = YES;
				CLANG_WARN_ENUM_CONVERSION = YES;
				CLANG_WARN_INFINITE_RECURSION = YES;
				CLANG_WARN_INT_CONVERSION = YES;
				CLANG_WARN_NON_LITERAL_NULL_CONVERSION = YES;
				CLANG_WARN_OBJC_IMPLICIT_RETAIN_SELF = YES;
				CLANG_WARN_OBJC_LITERAL_CONVERSION = YES;
				CLANG_WARN_OBJC_ROOT_CLASS = YES_ERROR;
				CLANG_WARN_RANGE_LOOP_ANALYSIS = YES;
				CLANG_WARN_STRICT_PROTOTYPES = YES;
				CLANG_WARN_SUSPICIOUS_MOVE = YES;
				CLANG_WARN_UNGUARDED_AVAILABILITY = YES_AGGRESSIVE;
				CLANG_WARN_UNREACHABLE_CODE = YES;
				CLANG_WARN__DUPLICATE_METHOD_MATCH = YES;
				COPY_PHASE_STRIP = NO;
				DEBUG_INFORMATION_FORMAT = dwarf;
				ENABLE_STRICT_OBJC_MSGSEND = YES;
				ENABLE_TESTABILITY = YES;
				GCC_C_LANGUAGE_STANDARD = gnu11;
				GCC_DYNAMIC_NO_PIC = NO;
				GCC_NO_COMMON_BLOCKS = YES;
				GCC_OPTIMIZATION_LEVEL = 0;
				GCC_PREPROCESSOR_DEFINITIONS = (
					"DEBUG=1",
					"$(inherited)",
				);
				GCC_WARN_64_TO_32_BIT_CONVERSION = YES;
				GCC_WARN_ABOUT_RETURN_TYPE = YES_ERROR;
				GCC_WARN_UNDECLARED_SELECTOR = YES;
				GCC_WARN_UNINITIALIZED_AUTOS = YES_AGGRESSIVE;
				GCC_WARN_UNUSED_FUNCTION = YES;
				GCC_WARN_UNUSED_VARIABLE = YES;
				IPHONEOS_DEPLOYMENT_TARGET = 13.0;
				MTL_ENABLE_DEBUG_INFO = INCLUDE_SOURCE;
				MTL_FAST_MATH = YES;
				ONLY_ACTIVE_ARCH = YES;
				SDKROOT = iphoneos;
				SWIFT_ACTIVE_COMPILATION_CONDITIONS = DEBUG;
				SWIFT_OPTIMIZATION_LEVEL = "-Onone";
			};
			name = Debug;
		};
		A4E4CDBA22F23AD100D1333E /* Release */ = {
			isa = XCBuildConfiguration;
			buildSettings = {
				ALWAYS_SEARCH_USER_PATHS = NO;
				CLANG_ANALYZER_NONNULL = YES;
				CLANG_ANALYZER_NUMBER_OBJECT_CONVERSION = YES_AGGRESSIVE;
				CLANG_CXX_LANGUAGE_STANDARD = "gnu++14";
				CLANG_CXX_LIBRARY = "libc++";
				CLANG_ENABLE_MODULES = YES;
				CLANG_ENABLE_OBJC_ARC = YES;
				CLANG_ENABLE_OBJC_WEAK = YES;
				CLANG_WARN_BLOCK_CAPTURE_AUTORELEASING = YES;
				CLANG_WARN_BOOL_CONVERSION = YES;
				CLANG_WARN_COMMA = YES;
				CLANG_WARN_CONSTANT_CONVERSION = YES;
				CLANG_WARN_DEPRECATED_OBJC_IMPLEMENTATIONS = YES;
				CLANG_WARN_DIRECT_OBJC_ISA_USAGE = YES_ERROR;
				CLANG_WARN_DOCUMENTATION_COMMENTS = YES;
				CLANG_WARN_EMPTY_BODY = YES;
				CLANG_WARN_ENUM_CONVERSION = YES;
				CLANG_WARN_INFINITE_RECURSION = YES;
				CLANG_WARN_INT_CONVERSION = YES;
				CLANG_WARN_NON_LITERAL_NULL_CONVERSION = YES;
				CLANG_WARN_OBJC_IMPLICIT_RETAIN_SELF = YES;
				CLANG_WARN_OBJC_LITERAL_CONVERSION = YES;
				CLANG_WARN_OBJC_ROOT_CLASS = YES_ERROR;
				CLANG_WARN_RANGE_LOOP_ANALYSIS = YES;
				CLANG_WARN_STRICT_PROTOTYPES = YES;
				CLANG_WARN_SUSPICIOUS_MOVE = YES;
				CLANG_WARN_UNGUARDED_AVAILABILITY = YES_AGGRESSIVE;
				CLANG_WARN_UNREACHABLE_CODE = YES;
				CLANG_WARN__DUPLICATE_METHOD_MATCH = YES;
				COPY_PHASE_STRIP = NO;
				DEBUG_INFORMATION_FORMAT = "dwarf-with-dsym";
				ENABLE_NS_ASSERTIONS = NO;
				ENABLE_STRICT_OBJC_MSGSEND = YES;
				GCC_C_LANGUAGE_STANDARD = gnu11;
				GCC_NO_COMMON_BLOCKS = YES;
				GCC_WARN_64_TO_32_BIT_CONVERSION = YES;
				GCC_WARN_ABOUT_RETURN_TYPE = YES_ERROR;
				GCC_WARN_UNDECLARED_SELECTOR = YES;
				GCC_WARN_UNINITIALIZED_AUTOS = YES_AGGRESSIVE;
				GCC_WARN_UNUSED_FUNCTION = YES;
				GCC_WARN_UNUSED_VARIABLE = YES;
				IPHONEOS_DEPLOYMENT_TARGET = 13.0;
				MTL_ENABLE_DEBUG_INFO = NO;
				MTL_FAST_MATH = YES;
				SDKROOT = iphoneos;
				SWIFT_COMPILATION_MODE = wholemodule;
				SWIFT_OPTIMIZATION_LEVEL = "-O";
				VALIDATE_PRODUCT = YES;
			};
			name = Release;
		};
		A4E4CDBC22F23AD100D1333E /* Debug */ = {
			isa = XCBuildConfiguration;
			buildSettings = {
				ASSETCATALOG_COMPILER_APPICON_NAME = AppIcon;
				CODE_SIGN_ENTITLEMENTS = "Animal House/Animal House.entitlements";
				CODE_SIGN_STYLE = Automatic;
				DERIVE_MACCATALYST_PRODUCT_BUNDLE_IDENTIFIER = YES;
				DEVELOPMENT_ASSET_PATHS = "\"Animal House\"/Preview\\ Content";
				DEVELOPMENT_TEAM = 542GN2GUUD;
				ENABLE_PREVIEWS = YES;
				INFOPLIST_FILE = "Animal House/Info.plist";
				IPHONEOS_DEPLOYMENT_TARGET = 13.0;
				LD_RUNPATH_SEARCH_PATHS = (
					"$(inherited)",
					"@executable_path/Frameworks",
				);
				PRODUCT_BUNDLE_IDENTIFIER = "com.isae.roygeagea.Animal-House";
				PRODUCT_NAME = "$(TARGET_NAME)";
				SUPPORTS_MACCATALYST = YES;
				SWIFT_VERSION = 5.0;
				TARGETED_DEVICE_FAMILY = "1,2";
			};
			name = Debug;
		};
		A4E4CDBD22F23AD100D1333E /* Release */ = {
			isa = XCBuildConfiguration;
			buildSettings = {
				ASSETCATALOG_COMPILER_APPICON_NAME = AppIcon;
				CODE_SIGN_ENTITLEMENTS = "Animal House/Animal House.entitlements";
				CODE_SIGN_STYLE = Automatic;
				DERIVE_MACCATALYST_PRODUCT_BUNDLE_IDENTIFIER = YES;
				DEVELOPMENT_ASSET_PATHS = "\"Animal House\"/Preview\\ Content";
				DEVELOPMENT_TEAM = 542GN2GUUD;
				ENABLE_PREVIEWS = YES;
				INFOPLIST_FILE = "Animal House/Info.plist";
				IPHONEOS_DEPLOYMENT_TARGET = 13.0;
				LD_RUNPATH_SEARCH_PATHS = (
					"$(inherited)",
					"@executable_path/Frameworks",
				);
				PRODUCT_BUNDLE_IDENTIFIER = "com.isae.roygeagea.Animal-House";
				PRODUCT_NAME = "$(TARGET_NAME)";
				SUPPORTS_MACCATALYST = YES;
				SWIFT_VERSION = 5.0;
				TARGETED_DEVICE_FAMILY = "1,2";
			};
			name = Release;
		};
		A4E4CDBF22F23AD100D1333E /* Debug */ = {
			isa = XCBuildConfiguration;
			buildSettings = {
				ALWAYS_EMBED_SWIFT_STANDARD_LIBRARIES = YES;
				BUNDLE_LOADER = "$(TEST_HOST)";
				CODE_SIGN_STYLE = Automatic;
				DEVELOPMENT_TEAM = 542GN2GUUD;
				INFOPLIST_FILE = "Animal HouseTests/Info.plist";
				LD_RUNPATH_SEARCH_PATHS = (
					"$(inherited)",
					"@executable_path/Frameworks",
					"@loader_path/Frameworks",
				);
				PRODUCT_BUNDLE_IDENTIFIER = "com.isae.roygeagea.Animal-HouseTests";
				PRODUCT_NAME = "$(TARGET_NAME)";
				SWIFT_VERSION = 5.0;
				TARGETED_DEVICE_FAMILY = "1,2";
				TEST_HOST = "$(BUILT_PRODUCTS_DIR)/Animal House.app/Animal House";
			};
			name = Debug;
		};
		A4E4CDC022F23AD100D1333E /* Release */ = {
			isa = XCBuildConfiguration;
			buildSettings = {
				ALWAYS_EMBED_SWIFT_STANDARD_LIBRARIES = YES;
				BUNDLE_LOADER = "$(TEST_HOST)";
				CODE_SIGN_STYLE = Automatic;
				DEVELOPMENT_TEAM = 542GN2GUUD;
				INFOPLIST_FILE = "Animal HouseTests/Info.plist";
				LD_RUNPATH_SEARCH_PATHS = (
					"$(inherited)",
					"@executable_path/Frameworks",
					"@loader_path/Frameworks",
				);
				PRODUCT_BUNDLE_IDENTIFIER = "com.isae.roygeagea.Animal-HouseTests";
				PRODUCT_NAME = "$(TARGET_NAME)";
				SWIFT_VERSION = 5.0;
				TARGETED_DEVICE_FAMILY = "1,2";
				TEST_HOST = "$(BUILT_PRODUCTS_DIR)/Animal House.app/Animal House";
			};
			name = Release;
		};
/* End XCBuildConfiguration section */

/* Begin XCConfigurationList section */
		A4E4CD9722F23ACE00D1333E /* Build configuration list for PBXProject "Animal House" */ = {
			isa = XCConfigurationList;
			buildConfigurations = (
				A4E4CDB922F23AD100D1333E /* Debug */,
				A4E4CDBA22F23AD100D1333E /* Release */,
			);
			defaultConfigurationIsVisible = 0;
			defaultConfigurationName = Release;
		};
		A4E4CDBB22F23AD100D1333E /* Build configuration list for PBXNativeTarget "Animal House" */ = {
			isa = XCConfigurationList;
			buildConfigurations = (
				A4E4CDBC22F23AD100D1333E /* Debug */,
				A4E4CDBD22F23AD100D1333E /* Release */,
			);
			defaultConfigurationIsVisible = 0;
			defaultConfigurationName = Release;
		};
		A4E4CDBE22F23AD100D1333E /* Build configuration list for PBXNativeTarget "Animal HouseTests" */ = {
			isa = XCConfigurationList;
			buildConfigurations = (
				A4E4CDBF22F23AD100D1333E /* Debug */,
				A4E4CDC022F23AD100D1333E /* Release */,
			);
			defaultConfigurationIsVisible = 0;
			defaultConfigurationName = Release;
		};
/* End XCConfigurationList section */

/* Begin XCRemoteSwiftPackageReference section */
		A4F44F4923046E1A00F345BB /* XCRemoteSwiftPackageReference "url-image" */ = {
			isa = XCRemoteSwiftPackageReference;
			repositoryURL = "https://github.com/dmytro-anokhin/url-image.git";
			requirement = {
				kind = upToNextMajorVersion;
				minimumVersion = 0.5.0;
			};
		};
/* End XCRemoteSwiftPackageReference section */

/* Begin XCSwiftPackageProductDependency section */
		A4F44F4A23046E1A00F345BB /* URLImage */ = {
			isa = XCSwiftPackageProductDependency;
			package = A4F44F4923046E1A00F345BB /* XCRemoteSwiftPackageReference "url-image" */;
			productName = URLImage;
		};
/* End XCSwiftPackageProductDependency section */
	};
	rootObject = A4E4CD9422F23ACE00D1333E /* Project object */;
}
