{
  "object": {
    "pins": [
      {
        "package": "URLImage",
        "repositoryURL": "https://github.com/dmytro-anokhin/url-image.git",
        "state": {
          "branch": null,
          "revision": "24f948470357aeffa247c9d68ffd577ccd4ee841",
          "version": "0.5.0"
        }
      }
    ]
  },
  "version": 1
}
